
Microsoft Visual Studio Solution File, Format Version 12.00
# Visual Studio Version 17
VisualStudioVersion = 17.8.34316.72
MinimumVisualStudioVersion = 10.0.40219.1
Project("{FAE04EC0-301F-11D3-BF4B-00C04F79EFBC}") = "SoftwareAccounting", "SoftwareAccounting\SoftwareAccounting.csproj", "{8E4DAD0D-45F0-432E-B595-9D94683EA264}"
EndProject
Global
	GlobalSection(SolutionConfigurationPlatforms) = preSolution
		Debug|Any CPU = Debug|Any CPU
		Release|Any CPU = Release|Any CPU
	EndGlobalSection
	GlobalSection(ProjectConfigurationPlatforms) = postSolution
		{8E4DAD0D-45F0-432E-B595-9D94683EA264}.Debug|Any CPU.ActiveCfg = Debug|Any CPU
		{8E4DAD0D-45F0-432E-B595-9D94683EA264}.Debug|Any CPU.Build.0 = Debug|Any CPU
		{8E4DAD0D-45F0-432E-B595-9D94683EA264}.Release|Any CPU.ActiveCfg = Release|Any CPU
		{8E4DAD0D-45F0-432E-B595-9D94683EA264}.Release|Any CPU.Build.0 = Release|Any CPU
	EndGlobalSection
	GlobalSection(SolutionProperties) = preSolution
		HideSolutionNode = FALSE
	EndGlobalSection
	GlobalSection(ExtensibilityGlobals) = postSolution
		SolutionGuid = {6098BD51-E9BB-4ED4-A75C-A6EE0460013C}
	EndGlobalSection
EndGlobal
