
Microsoft Visual Studio Solution File, Format Version 12.00
# Visual Studio Version 17
VisualStudioVersion = 17.13.35931.197 d17.13
MinimumVisualStudioVersion = 10.0.40219.1
Project("{FAE04EC0-301F-11D3-BF4B-00C04F79EFBC}") = "SoftwareAccounting.Admin.UI", "SoftwareAccounting.Admin.UI\SoftwareAccounting.Admin.UI.csproj", "{198E6308-12FE-4996-A8FF-CA5E75452A12}"
EndProject
Project("{FAE04EC0-301F-11D3-BF4B-00C04F79EFBC}") = "SoftwareAccounting.Service", "SoftwareAccounting.Service\SoftwareAccounting.Service.csproj", "{9DDCAE15-3227-41EF-AD3E-41436142FC40}"
EndProject
Project("{FAE04EC0-301F-11D3-BF4B-00C04F79EFBC}") = "SoftwareAccounting.Common", "SoftwareAccounting.Common\SoftwareAccounting.Common.csproj", "{43396513-83E5-4E70-B9A2-6EC60CF36174}"
EndProject
Global
	GlobalSection(SolutionConfigurationPlatforms) = preSolution
		Debug|Any CPU = Debug|Any CPU
		Release|Any CPU = Release|Any CPU
	EndGlobalSection
	GlobalSection(ProjectConfigurationPlatforms) = postSolution
		{198E6308-12FE-4996-A8FF-CA5E75452A12}.Debug|Any CPU.ActiveCfg = Debug|Any CPU
		{198E6308-12FE-4996-A8FF-CA5E75452A12}.Debug|Any CPU.Build.0 = Debug|Any CPU
		{198E6308-12FE-4996-A8FF-CA5E75452A12}.Release|Any CPU.ActiveCfg = Release|Any CPU
		{198E6308-12FE-4996-A8FF-CA5E75452A12}.Release|Any CPU.Build.0 = Release|Any CPU
		{9DDCAE15-3227-41EF-AD3E-41436142FC40}.Debug|Any CPU.ActiveCfg = Debug|Any CPU
		{9DDCAE15-3227-41EF-AD3E-41436142FC40}.Debug|Any CPU.Build.0 = Debug|Any CPU
		{9DDCAE15-3227-41EF-AD3E-41436142FC40}.Release|Any CPU.ActiveCfg = Release|Any CPU
		{9DDCAE15-3227-41EF-AD3E-41436142FC40}.Release|Any CPU.Build.0 = Release|Any CPU
		{43396513-83E5-4E70-B9A2-6EC60CF36174}.Debug|Any CPU.ActiveCfg = Debug|Any CPU
		{43396513-83E5-4E70-B9A2-6EC60CF36174}.Debug|Any CPU.Build.0 = Debug|Any CPU
		{43396513-83E5-4E70-B9A2-6EC60CF36174}.Release|Any CPU.ActiveCfg = Release|Any CPU
		{43396513-83E5-4E70-B9A2-6EC60CF36174}.Release|Any CPU.Build.0 = Release|Any CPU
	EndGlobalSection
	GlobalSection(SolutionProperties) = preSolution
		HideSolutionNode = FALSE
	EndGlobalSection
	GlobalSection(ExtensibilityGlobals) = postSolution
		SolutionGuid = {3A4017CE-2115-41DD-BE98-6766D8A8E0AF}
	EndGlobalSection
EndGlobal
